
Microsoft Visual Studio Solution File, Format Version 12.00
# Visual Studio Version 17
VisualStudioVersion = 17.2.32630.192
MinimumVisualStudioVersion = 10.0.40219.1
Project("{FAE04EC0-301F-11D3-BF4B-00C04F79EFBC}") = "OGUBumper", "OGUBumper\OGUBumper.csproj", "{387CDC19-1D1A-49A1-AEAC-896E6A9D63E5}"
EndProject
Global
	GlobalSection(SolutionConfigurationPlatforms) = preSolution
		Debug|Any CPU = Debug|Any CPU
		Release|Any CPU = Release|Any CPU
	EndGlobalSection
	GlobalSection(ProjectConfigurationPlatforms) = postSolution
		{387CDC19-1D1A-49A1-AEAC-896E6A9D63E5}.Debug|Any CPU.ActiveCfg = Debug|Any CPU
		{387CDC19-1D1A-49A1-AEAC-896E6A9D63E5}.Debug|Any CPU.Build.0 = Debug|Any CPU
		{387CDC19-1D1A-49A1-AEAC-896E6A9D63E5}.Release|Any CPU.ActiveCfg = Release|Any CPU
		{387CDC19-1D1A-49A1-AEAC-896E6A9D63E5}.Release|Any CPU.Build.0 = Release|Any CPU
	EndGlobalSection
	GlobalSection(SolutionProperties) = preSolution
		HideSolutionNode = FALSE
	EndGlobalSection
	GlobalSection(ExtensibilityGlobals) = postSolution
		SolutionGuid = {094E14AC-A7C0-4801-A2E0-1DCE9D2A14DF}
	EndGlobalSection
EndGlobal
